
Microsoft Visual Studio Solution File, Format Version 12.00
# Visual Studio Version 16
VisualStudioVersion = 16.0.30503.244
MinimumVisualStudioVersion = 10.0.40219.1
Project("{2150E333-8FDC-42A3-9474-1A3956D46DE8}") = "Lib", "Lib", "{A1F1F235-4442-4F52-BE3F-CDE93211A15C}"
EndProject
Project("{2150E333-8FDC-42A3-9474-1A3956D46DE8}") = "Tests", "Tests", "{45100A1C-EEF2-4F7D-8275-00FADB311317}"
EndProject
Project("{9A19103F-16F7-4668-BE54-9A1E7A4F7556}") = "XTI_WebApp.Extensions", "Lib\XTI_WebApp.Extensions\XTI_WebApp.Extensions.csproj", "{8EC1C39E-9D12-41D7-8876-A85AB518956D}"
EndProject
Project("{9A19103F-16F7-4668-BE54-9A1E7A4F7556}") = "XTI_WebApp.TagHelpers", "Lib\XTI_WebApp.TagHelpers\XTI_WebApp.TagHelpers.csproj", "{76E0C1B8-6B9D-4572-B707-0005983412C9}"
EndProject
Project("{9A19103F-16F7-4668-BE54-9A1E7A4F7556}") = "XTI_WebApp.AspTests", "Tests\XTI_WebApp.AspTests\XTI_WebApp.AspTests.csproj", "{86902868-4150-4D13-A398-FCBF47344B96}"
EndProject
Project("{9A19103F-16F7-4668-BE54-9A1E7A4F7556}") = "XTI_WebApp.Fakes", "Lib\XTI_WebApp.Fakes\XTI_WebApp.Fakes.csproj", "{51240732-3C23-4D6F-BC77-F6B81ECCA559}"
EndProject
Project("{2150E333-8FDC-42A3-9474-1A3956D46DE8}") = "Solution Items", "Solution Items", "{6F10EC8F-FA71-477B-B658-28D01DD1A012}"
	ProjectSection(SolutionItems) = preProject
		WebApp.ps1 = WebApp.ps1
	EndProjectSection
EndProject
Project("{9A19103F-16F7-4668-BE54-9A1E7A4F7556}") = "XTI_WebAppClient", "Lib\XTI_WebAppClient\XTI_WebAppClient.csproj", "{9BFBE23F-8FBB-40B4-B554-A6D88121ABAB}"
EndProject
Project("{9A19103F-16F7-4668-BE54-9A1E7A4F7556}") = "XTI_WebApp.Tests", "Tests\XTI_WebApp.Tests\XTI_WebApp.Tests.csproj", "{B83FAC69-ED45-4B66-8EAC-9988C108ADCE}"
EndProject
Project("{9A19103F-16F7-4668-BE54-9A1E7A4F7556}") = "XTI_WebApp", "Lib\XTI_WebApp\XTI_WebApp.csproj", "{CF821CC1-63ED-4F9D-8659-3783E6669836}"
EndProject
Project("{9A19103F-16F7-4668-BE54-9A1E7A4F7556}") = "XTI_WebApp.TestFakes", "Tests\XTI_WebApp.TestFakes\XTI_WebApp.TestFakes.csproj", "{0534CC27-3319-4DB1-8535-B2256BBC1223}"
EndProject
Project("{9A19103F-16F7-4668-BE54-9A1E7A4F7556}") = "XTI_WebApp.Api", "Lib\XTI_WebApp.Api\XTI_WebApp.Api.csproj", "{B89F6B18-0DAB-483F-B25F-933F92E76F22}"
EndProject
Project("{FAE04EC0-301F-11D3-BF4B-00C04F79EFBC}") = "XTI_WebApp.Scheduled", "Lib\XTI_WebApp.Scheduled\XTI_WebApp.Scheduled.csproj", "{287C8397-6015-423A-B952-00AB5699E875}"
EndProject
Global
	GlobalSection(SolutionConfigurationPlatforms) = preSolution
		Debug|Any CPU = Debug|Any CPU
		Release|Any CPU = Release|Any CPU
	EndGlobalSection
	GlobalSection(ProjectConfigurationPlatforms) = postSolution
		{8EC1C39E-9D12-41D7-8876-A85AB518956D}.Debug|Any CPU.ActiveCfg = Debug|Any CPU
		{8EC1C39E-9D12-41D7-8876-A85AB518956D}.Debug|Any CPU.Build.0 = Debug|Any CPU
		{8EC1C39E-9D12-41D7-8876-A85AB518956D}.Release|Any CPU.ActiveCfg = Release|Any CPU
		{8EC1C39E-9D12-41D7-8876-A85AB518956D}.Release|Any CPU.Build.0 = Release|Any CPU
		{76E0C1B8-6B9D-4572-B707-0005983412C9}.Debug|Any CPU.ActiveCfg = Debug|Any CPU
		{76E0C1B8-6B9D-4572-B707-0005983412C9}.Debug|Any CPU.Build.0 = Debug|Any CPU
		{76E0C1B8-6B9D-4572-B707-0005983412C9}.Release|Any CPU.ActiveCfg = Release|Any CPU
		{76E0C1B8-6B9D-4572-B707-0005983412C9}.Release|Any CPU.Build.0 = Release|Any CPU
		{86902868-4150-4D13-A398-FCBF47344B96}.Debug|Any CPU.ActiveCfg = Debug|Any CPU
		{86902868-4150-4D13-A398-FCBF47344B96}.Debug|Any CPU.Build.0 = Debug|Any CPU
		{86902868-4150-4D13-A398-FCBF47344B96}.Release|Any CPU.ActiveCfg = Release|Any CPU
		{86902868-4150-4D13-A398-FCBF47344B96}.Release|Any CPU.Build.0 = Release|Any CPU
		{51240732-3C23-4D6F-BC77-F6B81ECCA559}.Debug|Any CPU.ActiveCfg = Debug|Any CPU
		{51240732-3C23-4D6F-BC77-F6B81ECCA559}.Debug|Any CPU.Build.0 = Debug|Any CPU
		{51240732-3C23-4D6F-BC77-F6B81ECCA559}.Release|Any CPU.ActiveCfg = Release|Any CPU
		{51240732-3C23-4D6F-BC77-F6B81ECCA559}.Release|Any CPU.Build.0 = Release|Any CPU
		{9BFBE23F-8FBB-40B4-B554-A6D88121ABAB}.Debug|Any CPU.ActiveCfg = Debug|Any CPU
		{9BFBE23F-8FBB-40B4-B554-A6D88121ABAB}.Debug|Any CPU.Build.0 = Debug|Any CPU
		{9BFBE23F-8FBB-40B4-B554-A6D88121ABAB}.Release|Any CPU.ActiveCfg = Release|Any CPU
		{9BFBE23F-8FBB-40B4-B554-A6D88121ABAB}.Release|Any CPU.Build.0 = Release|Any CPU
		{B83FAC69-ED45-4B66-8EAC-9988C108ADCE}.Debug|Any CPU.ActiveCfg = Debug|Any CPU
		{B83FAC69-ED45-4B66-8EAC-9988C108ADCE}.Debug|Any CPU.Build.0 = Debug|Any CPU
		{B83FAC69-ED45-4B66-8EAC-9988C108ADCE}.Release|Any CPU.ActiveCfg = Release|Any CPU
		{B83FAC69-ED45-4B66-8EAC-9988C108ADCE}.Release|Any CPU.Build.0 = Release|Any CPU
		{CF821CC1-63ED-4F9D-8659-3783E6669836}.Debug|Any CPU.ActiveCfg = Debug|Any CPU
		{CF821CC1-63ED-4F9D-8659-3783E6669836}.Debug|Any CPU.Build.0 = Debug|Any CPU
		{CF821CC1-63ED-4F9D-8659-3783E6669836}.Release|Any CPU.ActiveCfg = Release|Any CPU
		{CF821CC1-63ED-4F9D-8659-3783E6669836}.Release|Any CPU.Build.0 = Release|Any CPU
		{0534CC27-3319-4DB1-8535-B2256BBC1223}.Debug|Any CPU.ActiveCfg = Debug|Any CPU
		{0534CC27-3319-4DB1-8535-B2256BBC1223}.Debug|Any CPU.Build.0 = Debug|Any CPU
		{0534CC27-3319-4DB1-8535-B2256BBC1223}.Release|Any CPU.ActiveCfg = Release|Any CPU
		{0534CC27-3319-4DB1-8535-B2256BBC1223}.Release|Any CPU.Build.0 = Release|Any CPU
		{B89F6B18-0DAB-483F-B25F-933F92E76F22}.Debug|Any CPU.ActiveCfg = Debug|Any CPU
		{B89F6B18-0DAB-483F-B25F-933F92E76F22}.Debug|Any CPU.Build.0 = Debug|Any CPU
		{B89F6B18-0DAB-483F-B25F-933F92E76F22}.Release|Any CPU.ActiveCfg = Release|Any CPU
		{B89F6B18-0DAB-483F-B25F-933F92E76F22}.Release|Any CPU.Build.0 = Release|Any CPU
		{287C8397-6015-423A-B952-00AB5699E875}.Debug|Any CPU.ActiveCfg = Debug|Any CPU
		{287C8397-6015-423A-B952-00AB5699E875}.Debug|Any CPU.Build.0 = Debug|Any CPU
		{287C8397-6015-423A-B952-00AB5699E875}.Release|Any CPU.ActiveCfg = Release|Any CPU
		{287C8397-6015-423A-B952-00AB5699E875}.Release|Any CPU.Build.0 = Release|Any CPU
	EndGlobalSection
	GlobalSection(SolutionProperties) = preSolution
		HideSolutionNode = FALSE
	EndGlobalSection
	GlobalSection(NestedProjects) = preSolution
		{8EC1C39E-9D12-41D7-8876-A85AB518956D} = {A1F1F235-4442-4F52-BE3F-CDE93211A15C}
		{76E0C1B8-6B9D-4572-B707-0005983412C9} = {A1F1F235-4442-4F52-BE3F-CDE93211A15C}
		{86902868-4150-4D13-A398-FCBF47344B96} = {45100A1C-EEF2-4F7D-8275-00FADB311317}
		{51240732-3C23-4D6F-BC77-F6B81ECCA559} = {A1F1F235-4442-4F52-BE3F-CDE93211A15C}
		{9BFBE23F-8FBB-40B4-B554-A6D88121ABAB} = {A1F1F235-4442-4F52-BE3F-CDE93211A15C}
		{B83FAC69-ED45-4B66-8EAC-9988C108ADCE} = {45100A1C-EEF2-4F7D-8275-00FADB311317}
		{CF821CC1-63ED-4F9D-8659-3783E6669836} = {A1F1F235-4442-4F52-BE3F-CDE93211A15C}
		{0534CC27-3319-4DB1-8535-B2256BBC1223} = {45100A1C-EEF2-4F7D-8275-00FADB311317}
		{B89F6B18-0DAB-483F-B25F-933F92E76F22} = {A1F1F235-4442-4F52-BE3F-CDE93211A15C}
		{287C8397-6015-423A-B952-00AB5699E875} = {A1F1F235-4442-4F52-BE3F-CDE93211A15C}
	EndGlobalSection
	GlobalSection(ExtensibilityGlobals) = postSolution
		SolutionGuid = {91B19DE7-0676-4D29-BEAA-DFB7C8C405AF}
	EndGlobalSection
EndGlobal
