
Microsoft Visual Studio Solution File, Format Version 12.00
# Visual Studio Version 16
VisualStudioVersion = 16.0.30503.244
MinimumVisualStudioVersion = 10.0.40219.1
Project("{2150E333-8FDC-42A3-9474-1A3956D46DE8}") = "Lib", "Lib", "{A1F1F235-4442-4F52-BE3F-CDE93211A15C}"
EndProject
Project("{2150E333-8FDC-42A3-9474-1A3956D46DE8}") = "Tests", "Tests", "{45100A1C-EEF2-4F7D-8275-00FADB311317}"
EndProject
Project("{9A19103F-16F7-4668-BE54-9A1E7A4F7556}") = "XTI_App", "Lib\XTI_App\XTI_App.csproj", "{C0A47210-590E-4280-81DE-3A3DBEAC032C}"
EndProject
Project("{9A19103F-16F7-4668-BE54-9A1E7A4F7556}") = "XTI_App.EF", "Lib\XTI_App.EF\XTI_App.EF.csproj", "{4D23B0C4-ABF8-4E25-BD6E-DFC30BBCE2B2}"
EndProject
Project("{9A19103F-16F7-4668-BE54-9A1E7A4F7556}") = "XTI_Configuration.Extensions", "Lib\XTI_Configuration.Extensions\XTI_Configuration.Extensions.csproj", "{DF5551DB-719A-4392-959A-8384F1447E26}"
EndProject
Project("{9A19103F-16F7-4668-BE54-9A1E7A4F7556}") = "XTI_ConsoleApp.Extensions", "Lib\XTI_ConsoleApp.Extensions\XTI_ConsoleApp.Extensions.csproj", "{6B81981A-CB5B-44CE-BF49-3912F9CF89EA}"
EndProject
Project("{9A19103F-16F7-4668-BE54-9A1E7A4F7556}") = "XTI_WebApp.Extensions", "Lib\XTI_WebApp.Extensions\XTI_WebApp.Extensions.csproj", "{8EC1C39E-9D12-41D7-8876-A85AB518956D}"
EndProject
Project("{9A19103F-16F7-4668-BE54-9A1E7A4F7556}") = "XTI_WebApp.TagHelpers", "Lib\XTI_WebApp.TagHelpers\XTI_WebApp.TagHelpers.csproj", "{76E0C1B8-6B9D-4572-B707-0005983412C9}"
EndProject
Project("{9A19103F-16F7-4668-BE54-9A1E7A4F7556}") = "XTI_WebApp.AspTests", "Tests\XTI_WebApp.AspTests\XTI_WebApp.AspTests.csproj", "{86902868-4150-4D13-A398-FCBF47344B96}"
EndProject
Project("{9A19103F-16F7-4668-BE54-9A1E7A4F7556}") = "XTI_WebApp.Fakes", "Lib\XTI_WebApp.Fakes\XTI_WebApp.Fakes.csproj", "{51240732-3C23-4D6F-BC77-F6B81ECCA559}"
EndProject
Project("{2150E333-8FDC-42A3-9474-1A3956D46DE8}") = "Solution Items", "Solution Items", "{6F10EC8F-FA71-477B-B658-28D01DD1A012}"
	ProjectSection(SolutionItems) = preProject
		.gitignore = .gitignore
		db_add_migrations.ps1 = db_add_migrations.ps1
		db_update_dev.ps1 = db_update_dev.ps1
		db_update_prod.ps1 = db_update_prod.ps1
		db_update_staging.ps1 = db_update_staging.ps1
		db_update_test.ps1 = db_update_test.ps1
		XTI_WebApp.ps1 = XTI_WebApp.ps1
	EndProjectSection
EndProject
Project("{9A19103F-16F7-4668-BE54-9A1E7A4F7556}") = "XTI_WebAppClient", "Lib\XTI_WebAppClient\XTI_WebAppClient.csproj", "{9BFBE23F-8FBB-40B4-B554-A6D88121ABAB}"
EndProject
Project("{9A19103F-16F7-4668-BE54-9A1E7A4F7556}") = "XTI_WebApp.Tests", "Tests\XTI_WebApp.Tests\XTI_WebApp.Tests.csproj", "{B83FAC69-ED45-4B66-8EAC-9988C108ADCE}"
EndProject
Project("{9A19103F-16F7-4668-BE54-9A1E7A4F7556}") = "XTI_WebApp.IntegrationTests", "Tests\XTI_WebApp.IntegrationTests\XTI_WebApp.IntegrationTests.csproj", "{D3F9E91B-BE00-4C33-8866-D526D982621B}"
EndProject
Project("{9A19103F-16F7-4668-BE54-9A1E7A4F7556}") = "XTI_App.Api", "Lib\XTI_App.Api\XTI_App.Api.csproj", "{FF5DD956-5038-43B2-B061-E074B6313853}"
EndProject
Project("{9A19103F-16F7-4668-BE54-9A1E7A4F7556}") = "XTI_Secrets", "Lib\XTI_Secrets\XTI_Secrets.csproj", "{F46FCF4E-335F-4B1D-8B5E-9356CD8F8CDE}"
EndProject
Project("{9A19103F-16F7-4668-BE54-9A1E7A4F7556}") = "XTI_WebApp", "Lib\XTI_WebApp\XTI_WebApp.csproj", "{CF821CC1-63ED-4F9D-8659-3783E6669836}"
EndProject
Project("{2150E333-8FDC-42A3-9474-1A3956D46DE8}") = "Tools", "Tools", "{94F6F4FD-E85B-41A8-B072-AC4C39786FB8}"
EndProject
Project("{9A19103F-16F7-4668-BE54-9A1E7A4F7556}") = "AppDbTool", "Tools\AppDbTool\AppDbTool.csproj", "{0720A82F-EC4A-4AE4-9615-9D3F2BF7DE3B}"
EndProject
Project("{9A19103F-16F7-4668-BE54-9A1E7A4F7556}") = "XTI_AppTool", "Tools\XTI_AppTool\XTI_AppTool.csproj", "{D84D7653-7E69-49A2-AAAC-43BC72B53FAE}"
EndProject
Project("{9A19103F-16F7-4668-BE54-9A1E7A4F7556}") = "XTI_UserTool", "Tools\XTI_UserTool\XTI_UserTool.csproj", "{C797AFEC-AF78-438C-9BF6-70CF6BB28AF3}"
EndProject
Project("{9A19103F-16F7-4668-BE54-9A1E7A4F7556}") = "XTI_VersionTool", "Tools\XTI_VersionTool\XTI_VersionTool.csproj", "{F8BB056A-9E87-4C90-86F2-4635F3E78E8A}"
EndProject
Project("{2150E333-8FDC-42A3-9474-1A3956D46DE8}") = "Projects", "Projects", "{4115CFE9-AE42-4E36-AFCD-7BCF12CABCF7}"
EndProject
Project("{9A19103F-16F7-4668-BE54-9A1E7A4F7556}") = "XTI_Version", "Projects\XTI_Version\XTI_Version.csproj", "{A946E48E-9E2B-467D-86C6-555AC51111D7}"
EndProject
Project("{9A19103F-16F7-4668-BE54-9A1E7A4F7556}") = "XTI_Secrets.Extensions", "Lib\XTI_Secrets.Extensions\XTI_Secrets.Extensions.csproj", "{036F2147-2320-40D7-8FE7-736473BCD5FA}"
EndProject
Project("{9A19103F-16F7-4668-BE54-9A1E7A4F7556}") = "XTI_Credentials", "Lib\XTI_Credentials\XTI_Credentials.csproj", "{E5B2B259-0A97-456D-9B28-EF20584A1836}"
EndProject
Project("{9A19103F-16F7-4668-BE54-9A1E7A4F7556}") = "XTI_WebApp.TestFakes", "Tests\XTI_WebApp.TestFakes\XTI_WebApp.TestFakes.csproj", "{0534CC27-3319-4DB1-8535-B2256BBC1223}"
EndProject
Project("{9A19103F-16F7-4668-BE54-9A1E7A4F7556}") = "XTI_WebApp.Api", "Lib\XTI_WebApp.Api\XTI_WebApp.Api.csproj", "{B89F6B18-0DAB-483F-B25F-933F92E76F22}"
EndProject
Project("{FAE04EC0-301F-11D3-BF4B-00C04F79EFBC}") = "XTI_Core", "Lib\XTI_Core\XTI_Core.csproj", "{3D60DDCC-56A4-4BAF-A91B-C308BCFFF72E}"
EndProject
Project("{FAE04EC0-301F-11D3-BF4B-00C04F79EFBC}") = "XTI_Core.Fakes", "Lib\XTI_Core.Fakes\XTI_Core.Fakes.csproj", "{101C3737-72FB-49BF-A7C4-8CE567534800}"
EndProject
Global
	GlobalSection(SolutionConfigurationPlatforms) = preSolution
		Debug|Any CPU = Debug|Any CPU
		Release|Any CPU = Release|Any CPU
	EndGlobalSection
	GlobalSection(ProjectConfigurationPlatforms) = postSolution
		{C0A47210-590E-4280-81DE-3A3DBEAC032C}.Debug|Any CPU.ActiveCfg = Debug|Any CPU
		{C0A47210-590E-4280-81DE-3A3DBEAC032C}.Debug|Any CPU.Build.0 = Debug|Any CPU
		{C0A47210-590E-4280-81DE-3A3DBEAC032C}.Release|Any CPU.ActiveCfg = Release|Any CPU
		{C0A47210-590E-4280-81DE-3A3DBEAC032C}.Release|Any CPU.Build.0 = Release|Any CPU
		{4D23B0C4-ABF8-4E25-BD6E-DFC30BBCE2B2}.Debug|Any CPU.ActiveCfg = Debug|Any CPU
		{4D23B0C4-ABF8-4E25-BD6E-DFC30BBCE2B2}.Debug|Any CPU.Build.0 = Debug|Any CPU
		{4D23B0C4-ABF8-4E25-BD6E-DFC30BBCE2B2}.Release|Any CPU.ActiveCfg = Release|Any CPU
		{4D23B0C4-ABF8-4E25-BD6E-DFC30BBCE2B2}.Release|Any CPU.Build.0 = Release|Any CPU
		{DF5551DB-719A-4392-959A-8384F1447E26}.Debug|Any CPU.ActiveCfg = Debug|Any CPU
		{DF5551DB-719A-4392-959A-8384F1447E26}.Debug|Any CPU.Build.0 = Debug|Any CPU
		{DF5551DB-719A-4392-959A-8384F1447E26}.Release|Any CPU.ActiveCfg = Release|Any CPU
		{DF5551DB-719A-4392-959A-8384F1447E26}.Release|Any CPU.Build.0 = Release|Any CPU
		{6B81981A-CB5B-44CE-BF49-3912F9CF89EA}.Debug|Any CPU.ActiveCfg = Debug|Any CPU
		{6B81981A-CB5B-44CE-BF49-3912F9CF89EA}.Debug|Any CPU.Build.0 = Debug|Any CPU
		{6B81981A-CB5B-44CE-BF49-3912F9CF89EA}.Release|Any CPU.ActiveCfg = Release|Any CPU
		{6B81981A-CB5B-44CE-BF49-3912F9CF89EA}.Release|Any CPU.Build.0 = Release|Any CPU
		{8EC1C39E-9D12-41D7-8876-A85AB518956D}.Debug|Any CPU.ActiveCfg = Debug|Any CPU
		{8EC1C39E-9D12-41D7-8876-A85AB518956D}.Debug|Any CPU.Build.0 = Debug|Any CPU
		{8EC1C39E-9D12-41D7-8876-A85AB518956D}.Release|Any CPU.ActiveCfg = Release|Any CPU
		{8EC1C39E-9D12-41D7-8876-A85AB518956D}.Release|Any CPU.Build.0 = Release|Any CPU
		{76E0C1B8-6B9D-4572-B707-0005983412C9}.Debug|Any CPU.ActiveCfg = Debug|Any CPU
		{76E0C1B8-6B9D-4572-B707-0005983412C9}.Debug|Any CPU.Build.0 = Debug|Any CPU
		{76E0C1B8-6B9D-4572-B707-0005983412C9}.Release|Any CPU.ActiveCfg = Release|Any CPU
		{76E0C1B8-6B9D-4572-B707-0005983412C9}.Release|Any CPU.Build.0 = Release|Any CPU
		{86902868-4150-4D13-A398-FCBF47344B96}.Debug|Any CPU.ActiveCfg = Debug|Any CPU
		{86902868-4150-4D13-A398-FCBF47344B96}.Debug|Any CPU.Build.0 = Debug|Any CPU
		{86902868-4150-4D13-A398-FCBF47344B96}.Release|Any CPU.ActiveCfg = Release|Any CPU
		{86902868-4150-4D13-A398-FCBF47344B96}.Release|Any CPU.Build.0 = Release|Any CPU
		{51240732-3C23-4D6F-BC77-F6B81ECCA559}.Debug|Any CPU.ActiveCfg = Debug|Any CPU
		{51240732-3C23-4D6F-BC77-F6B81ECCA559}.Debug|Any CPU.Build.0 = Debug|Any CPU
		{51240732-3C23-4D6F-BC77-F6B81ECCA559}.Release|Any CPU.ActiveCfg = Release|Any CPU
		{51240732-3C23-4D6F-BC77-F6B81ECCA559}.Release|Any CPU.Build.0 = Release|Any CPU
		{9BFBE23F-8FBB-40B4-B554-A6D88121ABAB}.Debug|Any CPU.ActiveCfg = Debug|Any CPU
		{9BFBE23F-8FBB-40B4-B554-A6D88121ABAB}.Debug|Any CPU.Build.0 = Debug|Any CPU
		{9BFBE23F-8FBB-40B4-B554-A6D88121ABAB}.Release|Any CPU.ActiveCfg = Release|Any CPU
		{9BFBE23F-8FBB-40B4-B554-A6D88121ABAB}.Release|Any CPU.Build.0 = Release|Any CPU
		{B83FAC69-ED45-4B66-8EAC-9988C108ADCE}.Debug|Any CPU.ActiveCfg = Debug|Any CPU
		{B83FAC69-ED45-4B66-8EAC-9988C108ADCE}.Debug|Any CPU.Build.0 = Debug|Any CPU
		{B83FAC69-ED45-4B66-8EAC-9988C108ADCE}.Release|Any CPU.ActiveCfg = Release|Any CPU
		{B83FAC69-ED45-4B66-8EAC-9988C108ADCE}.Release|Any CPU.Build.0 = Release|Any CPU
		{D3F9E91B-BE00-4C33-8866-D526D982621B}.Debug|Any CPU.ActiveCfg = Debug|Any CPU
		{D3F9E91B-BE00-4C33-8866-D526D982621B}.Debug|Any CPU.Build.0 = Debug|Any CPU
		{D3F9E91B-BE00-4C33-8866-D526D982621B}.Release|Any CPU.ActiveCfg = Release|Any CPU
		{D3F9E91B-BE00-4C33-8866-D526D982621B}.Release|Any CPU.Build.0 = Release|Any CPU
		{FF5DD956-5038-43B2-B061-E074B6313853}.Debug|Any CPU.ActiveCfg = Debug|Any CPU
		{FF5DD956-5038-43B2-B061-E074B6313853}.Debug|Any CPU.Build.0 = Debug|Any CPU
		{FF5DD956-5038-43B2-B061-E074B6313853}.Release|Any CPU.ActiveCfg = Release|Any CPU
		{FF5DD956-5038-43B2-B061-E074B6313853}.Release|Any CPU.Build.0 = Release|Any CPU
		{F46FCF4E-335F-4B1D-8B5E-9356CD8F8CDE}.Debug|Any CPU.ActiveCfg = Debug|Any CPU
		{F46FCF4E-335F-4B1D-8B5E-9356CD8F8CDE}.Debug|Any CPU.Build.0 = Debug|Any CPU
		{F46FCF4E-335F-4B1D-8B5E-9356CD8F8CDE}.Release|Any CPU.ActiveCfg = Release|Any CPU
		{F46FCF4E-335F-4B1D-8B5E-9356CD8F8CDE}.Release|Any CPU.Build.0 = Release|Any CPU
		{CF821CC1-63ED-4F9D-8659-3783E6669836}.Debug|Any CPU.ActiveCfg = Debug|Any CPU
		{CF821CC1-63ED-4F9D-8659-3783E6669836}.Debug|Any CPU.Build.0 = Debug|Any CPU
		{CF821CC1-63ED-4F9D-8659-3783E6669836}.Release|Any CPU.ActiveCfg = Release|Any CPU
		{CF821CC1-63ED-4F9D-8659-3783E6669836}.Release|Any CPU.Build.0 = Release|Any CPU
		{0720A82F-EC4A-4AE4-9615-9D3F2BF7DE3B}.Debug|Any CPU.ActiveCfg = Debug|Any CPU
		{0720A82F-EC4A-4AE4-9615-9D3F2BF7DE3B}.Debug|Any CPU.Build.0 = Debug|Any CPU
		{0720A82F-EC4A-4AE4-9615-9D3F2BF7DE3B}.Release|Any CPU.ActiveCfg = Release|Any CPU
		{0720A82F-EC4A-4AE4-9615-9D3F2BF7DE3B}.Release|Any CPU.Build.0 = Release|Any CPU
		{D84D7653-7E69-49A2-AAAC-43BC72B53FAE}.Debug|Any CPU.ActiveCfg = Debug|Any CPU
		{D84D7653-7E69-49A2-AAAC-43BC72B53FAE}.Debug|Any CPU.Build.0 = Debug|Any CPU
		{D84D7653-7E69-49A2-AAAC-43BC72B53FAE}.Release|Any CPU.ActiveCfg = Release|Any CPU
		{D84D7653-7E69-49A2-AAAC-43BC72B53FAE}.Release|Any CPU.Build.0 = Release|Any CPU
		{C797AFEC-AF78-438C-9BF6-70CF6BB28AF3}.Debug|Any CPU.ActiveCfg = Debug|Any CPU
		{C797AFEC-AF78-438C-9BF6-70CF6BB28AF3}.Debug|Any CPU.Build.0 = Debug|Any CPU
		{C797AFEC-AF78-438C-9BF6-70CF6BB28AF3}.Release|Any CPU.ActiveCfg = Release|Any CPU
		{C797AFEC-AF78-438C-9BF6-70CF6BB28AF3}.Release|Any CPU.Build.0 = Release|Any CPU
		{F8BB056A-9E87-4C90-86F2-4635F3E78E8A}.Debug|Any CPU.ActiveCfg = Debug|Any CPU
		{F8BB056A-9E87-4C90-86F2-4635F3E78E8A}.Debug|Any CPU.Build.0 = Debug|Any CPU
		{F8BB056A-9E87-4C90-86F2-4635F3E78E8A}.Release|Any CPU.ActiveCfg = Release|Any CPU
		{F8BB056A-9E87-4C90-86F2-4635F3E78E8A}.Release|Any CPU.Build.0 = Release|Any CPU
		{A946E48E-9E2B-467D-86C6-555AC51111D7}.Debug|Any CPU.ActiveCfg = Debug|Any CPU
		{A946E48E-9E2B-467D-86C6-555AC51111D7}.Debug|Any CPU.Build.0 = Debug|Any CPU
		{A946E48E-9E2B-467D-86C6-555AC51111D7}.Release|Any CPU.ActiveCfg = Release|Any CPU
		{A946E48E-9E2B-467D-86C6-555AC51111D7}.Release|Any CPU.Build.0 = Release|Any CPU
		{036F2147-2320-40D7-8FE7-736473BCD5FA}.Debug|Any CPU.ActiveCfg = Debug|Any CPU
		{036F2147-2320-40D7-8FE7-736473BCD5FA}.Debug|Any CPU.Build.0 = Debug|Any CPU
		{036F2147-2320-40D7-8FE7-736473BCD5FA}.Release|Any CPU.ActiveCfg = Release|Any CPU
		{036F2147-2320-40D7-8FE7-736473BCD5FA}.Release|Any CPU.Build.0 = Release|Any CPU
		{E5B2B259-0A97-456D-9B28-EF20584A1836}.Debug|Any CPU.ActiveCfg = Debug|Any CPU
		{E5B2B259-0A97-456D-9B28-EF20584A1836}.Debug|Any CPU.Build.0 = Debug|Any CPU
		{E5B2B259-0A97-456D-9B28-EF20584A1836}.Release|Any CPU.ActiveCfg = Release|Any CPU
		{E5B2B259-0A97-456D-9B28-EF20584A1836}.Release|Any CPU.Build.0 = Release|Any CPU
		{0534CC27-3319-4DB1-8535-B2256BBC1223}.Debug|Any CPU.ActiveCfg = Debug|Any CPU
		{0534CC27-3319-4DB1-8535-B2256BBC1223}.Debug|Any CPU.Build.0 = Debug|Any CPU
		{0534CC27-3319-4DB1-8535-B2256BBC1223}.Release|Any CPU.ActiveCfg = Release|Any CPU
		{0534CC27-3319-4DB1-8535-B2256BBC1223}.Release|Any CPU.Build.0 = Release|Any CPU
		{B89F6B18-0DAB-483F-B25F-933F92E76F22}.Debug|Any CPU.ActiveCfg = Debug|Any CPU
		{B89F6B18-0DAB-483F-B25F-933F92E76F22}.Debug|Any CPU.Build.0 = Debug|Any CPU
		{B89F6B18-0DAB-483F-B25F-933F92E76F22}.Release|Any CPU.ActiveCfg = Release|Any CPU
		{B89F6B18-0DAB-483F-B25F-933F92E76F22}.Release|Any CPU.Build.0 = Release|Any CPU
		{3D60DDCC-56A4-4BAF-A91B-C308BCFFF72E}.Debug|Any CPU.ActiveCfg = Debug|Any CPU
		{3D60DDCC-56A4-4BAF-A91B-C308BCFFF72E}.Debug|Any CPU.Build.0 = Debug|Any CPU
		{3D60DDCC-56A4-4BAF-A91B-C308BCFFF72E}.Release|Any CPU.ActiveCfg = Release|Any CPU
		{3D60DDCC-56A4-4BAF-A91B-C308BCFFF72E}.Release|Any CPU.Build.0 = Release|Any CPU
		{101C3737-72FB-49BF-A7C4-8CE567534800}.Debug|Any CPU.ActiveCfg = Debug|Any CPU
		{101C3737-72FB-49BF-A7C4-8CE567534800}.Debug|Any CPU.Build.0 = Debug|Any CPU
		{101C3737-72FB-49BF-A7C4-8CE567534800}.Release|Any CPU.ActiveCfg = Release|Any CPU
		{101C3737-72FB-49BF-A7C4-8CE567534800}.Release|Any CPU.Build.0 = Release|Any CPU
	EndGlobalSection
	GlobalSection(SolutionProperties) = preSolution
		HideSolutionNode = FALSE
	EndGlobalSection
	GlobalSection(NestedProjects) = preSolution
		{C0A47210-590E-4280-81DE-3A3DBEAC032C} = {A1F1F235-4442-4F52-BE3F-CDE93211A15C}
		{4D23B0C4-ABF8-4E25-BD6E-DFC30BBCE2B2} = {A1F1F235-4442-4F52-BE3F-CDE93211A15C}
		{DF5551DB-719A-4392-959A-8384F1447E26} = {A1F1F235-4442-4F52-BE3F-CDE93211A15C}
		{6B81981A-CB5B-44CE-BF49-3912F9CF89EA} = {A1F1F235-4442-4F52-BE3F-CDE93211A15C}
		{8EC1C39E-9D12-41D7-8876-A85AB518956D} = {A1F1F235-4442-4F52-BE3F-CDE93211A15C}
		{76E0C1B8-6B9D-4572-B707-0005983412C9} = {A1F1F235-4442-4F52-BE3F-CDE93211A15C}
		{86902868-4150-4D13-A398-FCBF47344B96} = {45100A1C-EEF2-4F7D-8275-00FADB311317}
		{51240732-3C23-4D6F-BC77-F6B81ECCA559} = {A1F1F235-4442-4F52-BE3F-CDE93211A15C}
		{9BFBE23F-8FBB-40B4-B554-A6D88121ABAB} = {A1F1F235-4442-4F52-BE3F-CDE93211A15C}
		{B83FAC69-ED45-4B66-8EAC-9988C108ADCE} = {45100A1C-EEF2-4F7D-8275-00FADB311317}
		{D3F9E91B-BE00-4C33-8866-D526D982621B} = {45100A1C-EEF2-4F7D-8275-00FADB311317}
		{FF5DD956-5038-43B2-B061-E074B6313853} = {A1F1F235-4442-4F52-BE3F-CDE93211A15C}
		{F46FCF4E-335F-4B1D-8B5E-9356CD8F8CDE} = {A1F1F235-4442-4F52-BE3F-CDE93211A15C}
		{CF821CC1-63ED-4F9D-8659-3783E6669836} = {A1F1F235-4442-4F52-BE3F-CDE93211A15C}
		{0720A82F-EC4A-4AE4-9615-9D3F2BF7DE3B} = {94F6F4FD-E85B-41A8-B072-AC4C39786FB8}
		{D84D7653-7E69-49A2-AAAC-43BC72B53FAE} = {94F6F4FD-E85B-41A8-B072-AC4C39786FB8}
		{C797AFEC-AF78-438C-9BF6-70CF6BB28AF3} = {94F6F4FD-E85B-41A8-B072-AC4C39786FB8}
		{F8BB056A-9E87-4C90-86F2-4635F3E78E8A} = {94F6F4FD-E85B-41A8-B072-AC4C39786FB8}
		{A946E48E-9E2B-467D-86C6-555AC51111D7} = {4115CFE9-AE42-4E36-AFCD-7BCF12CABCF7}
		{036F2147-2320-40D7-8FE7-736473BCD5FA} = {A1F1F235-4442-4F52-BE3F-CDE93211A15C}
		{E5B2B259-0A97-456D-9B28-EF20584A1836} = {A1F1F235-4442-4F52-BE3F-CDE93211A15C}
		{0534CC27-3319-4DB1-8535-B2256BBC1223} = {45100A1C-EEF2-4F7D-8275-00FADB311317}
		{B89F6B18-0DAB-483F-B25F-933F92E76F22} = {A1F1F235-4442-4F52-BE3F-CDE93211A15C}
		{3D60DDCC-56A4-4BAF-A91B-C308BCFFF72E} = {A1F1F235-4442-4F52-BE3F-CDE93211A15C}
		{101C3737-72FB-49BF-A7C4-8CE567534800} = {A1F1F235-4442-4F52-BE3F-CDE93211A15C}
	EndGlobalSection
	GlobalSection(ExtensibilityGlobals) = postSolution
		SolutionGuid = {91B19DE7-0676-4D29-BEAA-DFB7C8C405AF}
	EndGlobalSection
EndGlobal
