
Microsoft Visual Studio Solution File, Format Version 12.00
# Visual Studio Version 16
VisualStudioVersion = 16.0.30503.244
MinimumVisualStudioVersion = 10.0.40219.1
Project("{2150E333-8FDC-42A3-9474-1A3956D46DE8}") = "Lib", "Lib", "{A1F1F235-4442-4F52-BE3F-CDE93211A15C}"
EndProject
Project("{2150E333-8FDC-42A3-9474-1A3956D46DE8}") = "Tests", "Tests", "{45100A1C-EEF2-4F7D-8275-00FADB311317}"
EndProject
Project("{9A19103F-16F7-4668-BE54-9A1E7A4F7556}") = "XTI_App", "Lib\XTI_App\XTI_App.csproj", "{C0A47210-590E-4280-81DE-3A3DBEAC032C}"
EndProject
Project("{9A19103F-16F7-4668-BE54-9A1E7A4F7556}") = "XTI_App.EF", "Lib\XTI_App.EF\XTI_App.EF.csproj", "{4D23B0C4-ABF8-4E25-BD6E-DFC30BBCE2B2}"
EndProject
Project("{9A19103F-16F7-4668-BE54-9A1E7A4F7556}") = "XTI_Configuration.Extensions", "Lib\XTI_Configuration.Extensions\XTI_Configuration.Extensions.csproj", "{DF5551DB-719A-4392-959A-8384F1447E26}"
EndProject
Project("{9A19103F-16F7-4668-BE54-9A1E7A4F7556}") = "XTI_ConsoleApp.Extensions", "Lib\XTI_ConsoleApp.Extensions\XTI_ConsoleApp.Extensions.csproj", "{6B81981A-CB5B-44CE-BF49-3912F9CF89EA}"
EndProject
Project("{9A19103F-16F7-4668-BE54-9A1E7A4F7556}") = "XTI_WebApp.Extensions", "Lib\XTI_WebApp.Extensions\XTI_WebApp.Extensions.csproj", "{8EC1C39E-9D12-41D7-8876-A85AB518956D}"
EndProject
Project("{9A19103F-16F7-4668-BE54-9A1E7A4F7556}") = "XTI_WebApp.TagHelpers", "Lib\XTI_WebApp.TagHelpers\XTI_WebApp.TagHelpers.csproj", "{76E0C1B8-6B9D-4572-B707-0005983412C9}"
EndProject
Project("{9A19103F-16F7-4668-BE54-9A1E7A4F7556}") = "XTI_WebApp.AspTests", "Tests\XTI_WebApp.AspTests\XTI_WebApp.AspTests.csproj", "{86902868-4150-4D13-A398-FCBF47344B96}"
EndProject
Project("{9A19103F-16F7-4668-BE54-9A1E7A4F7556}") = "XTI_WebApp.Fakes", "Lib\XTI_WebApp.Fakes\XTI_WebApp.Fakes.csproj", "{51240732-3C23-4D6F-BC77-F6B81ECCA559}"
EndProject
Project("{2150E333-8FDC-42A3-9474-1A3956D46DE8}") = "Solution Items", "Solution Items", "{6F10EC8F-FA71-477B-B658-28D01DD1A012}"
	ProjectSection(SolutionItems) = preProject
		.gitignore = .gitignore
		db_add_migrations.ps1 = db_add_migrations.ps1
		db_update_dev.ps1 = db_update_dev.ps1
		db_update_prod.ps1 = db_update_prod.ps1
		db_update_staging.ps1 = db_update_staging.ps1
		db_update_test.ps1 = db_update_test.ps1
		Version.Targets = Version.Targets
	EndProjectSection
EndProject
Project("{9A19103F-16F7-4668-BE54-9A1E7A4F7556}") = "XTI_WebAppClient", "Lib\XTI_WebAppClient\XTI_WebAppClient.csproj", "{9BFBE23F-8FBB-40B4-B554-A6D88121ABAB}"
EndProject
Project("{2150E333-8FDC-42A3-9474-1A3956D46DE8}") = "Apps", "Apps", "{E6FF0AAE-2A5B-4ABA-9553-AEB622A0CC18}"
EndProject
Project("{9A19103F-16F7-4668-BE54-9A1E7A4F7556}") = "XTI_WebApp.Tests", "Tests\XTI_WebApp.Tests\XTI_WebApp.Tests.csproj", "{B83FAC69-ED45-4B66-8EAC-9988C108ADCE}"
EndProject
Project("{9A19103F-16F7-4668-BE54-9A1E7A4F7556}") = "XTI_Version", "Lib\XTI_Version\XTI_Version.csproj", "{14DEF4FD-018A-464A-8F91-108195FDFF97}"
EndProject
Project("{9A19103F-16F7-4668-BE54-9A1E7A4F7556}") = "XTI_Version.Fakes", "Lib\XTI_Version.Fakes\XTI_Version.Fakes.csproj", "{75312593-754A-40FE-8CE3-2708FE09FA24}"
EndProject
Project("{9A19103F-16F7-4668-BE54-9A1E7A4F7556}") = "XTI_WebApp.IntegrationTests", "Tests\XTI_WebApp.IntegrationTests\XTI_WebApp.IntegrationTests.csproj", "{D3F9E91B-BE00-4C33-8866-D526D982621B}"
EndProject
Project("{9A19103F-16F7-4668-BE54-9A1E7A4F7556}") = "XTI_Version.Octo", "Lib\XTI_Version.Octo\XTI_Version.Octo.csproj", "{046FB6A6-BB5C-4316-AC63-71E5D23141DE}"
EndProject
Project("{9A19103F-16F7-4668-BE54-9A1E7A4F7556}") = "XTI_VersionApp", "Apps\XTI_VersionApp\XTI_VersionApp.csproj", "{429D87C3-BCE8-4820-B935-F10AE42E69EF}"
EndProject
Project("{9A19103F-16F7-4668-BE54-9A1E7A4F7556}") = "XTI_App.Api", "Lib\XTI_App.Api\XTI_App.Api.csproj", "{FF5DD956-5038-43B2-B061-E074B6313853}"
EndProject
Project("{9A19103F-16F7-4668-BE54-9A1E7A4F7556}") = "AppDbApp", "Apps\AppDbApp\AppDbApp.csproj", "{96BD14AA-11F5-464F-A69E-FC8F65198798}"
EndProject
Project("{9A19103F-16F7-4668-BE54-9A1E7A4F7556}") = "XTI_Secrets", "Lib\XTI_Secrets\XTI_Secrets.csproj", "{F46FCF4E-335F-4B1D-8B5E-9356CD8F8CDE}"
EndProject
Project("{9A19103F-16F7-4668-BE54-9A1E7A4F7556}") = "XTI_UserApp", "Apps\XTI_UserApp\XTI_UserApp.csproj", "{975396B7-2D15-4EC9-A49D-CA94E4A8B3C0}"
EndProject
Global
	GlobalSection(SolutionConfigurationPlatforms) = preSolution
		Debug|Any CPU = Debug|Any CPU
		Release|Any CPU = Release|Any CPU
	EndGlobalSection
	GlobalSection(ProjectConfigurationPlatforms) = postSolution
		{C0A47210-590E-4280-81DE-3A3DBEAC032C}.Debug|Any CPU.ActiveCfg = Debug|Any CPU
		{C0A47210-590E-4280-81DE-3A3DBEAC032C}.Debug|Any CPU.Build.0 = Debug|Any CPU
		{C0A47210-590E-4280-81DE-3A3DBEAC032C}.Release|Any CPU.ActiveCfg = Release|Any CPU
		{C0A47210-590E-4280-81DE-3A3DBEAC032C}.Release|Any CPU.Build.0 = Release|Any CPU
		{4D23B0C4-ABF8-4E25-BD6E-DFC30BBCE2B2}.Debug|Any CPU.ActiveCfg = Debug|Any CPU
		{4D23B0C4-ABF8-4E25-BD6E-DFC30BBCE2B2}.Debug|Any CPU.Build.0 = Debug|Any CPU
		{4D23B0C4-ABF8-4E25-BD6E-DFC30BBCE2B2}.Release|Any CPU.ActiveCfg = Release|Any CPU
		{4D23B0C4-ABF8-4E25-BD6E-DFC30BBCE2B2}.Release|Any CPU.Build.0 = Release|Any CPU
		{DF5551DB-719A-4392-959A-8384F1447E26}.Debug|Any CPU.ActiveCfg = Debug|Any CPU
		{DF5551DB-719A-4392-959A-8384F1447E26}.Debug|Any CPU.Build.0 = Debug|Any CPU
		{DF5551DB-719A-4392-959A-8384F1447E26}.Release|Any CPU.ActiveCfg = Release|Any CPU
		{DF5551DB-719A-4392-959A-8384F1447E26}.Release|Any CPU.Build.0 = Release|Any CPU
		{6B81981A-CB5B-44CE-BF49-3912F9CF89EA}.Debug|Any CPU.ActiveCfg = Debug|Any CPU
		{6B81981A-CB5B-44CE-BF49-3912F9CF89EA}.Debug|Any CPU.Build.0 = Debug|Any CPU
		{6B81981A-CB5B-44CE-BF49-3912F9CF89EA}.Release|Any CPU.ActiveCfg = Release|Any CPU
		{6B81981A-CB5B-44CE-BF49-3912F9CF89EA}.Release|Any CPU.Build.0 = Release|Any CPU
		{8EC1C39E-9D12-41D7-8876-A85AB518956D}.Debug|Any CPU.ActiveCfg = Debug|Any CPU
		{8EC1C39E-9D12-41D7-8876-A85AB518956D}.Debug|Any CPU.Build.0 = Debug|Any CPU
		{8EC1C39E-9D12-41D7-8876-A85AB518956D}.Release|Any CPU.ActiveCfg = Release|Any CPU
		{8EC1C39E-9D12-41D7-8876-A85AB518956D}.Release|Any CPU.Build.0 = Release|Any CPU
		{76E0C1B8-6B9D-4572-B707-0005983412C9}.Debug|Any CPU.ActiveCfg = Debug|Any CPU
		{76E0C1B8-6B9D-4572-B707-0005983412C9}.Debug|Any CPU.Build.0 = Debug|Any CPU
		{76E0C1B8-6B9D-4572-B707-0005983412C9}.Release|Any CPU.ActiveCfg = Release|Any CPU
		{76E0C1B8-6B9D-4572-B707-0005983412C9}.Release|Any CPU.Build.0 = Release|Any CPU
		{86902868-4150-4D13-A398-FCBF47344B96}.Debug|Any CPU.ActiveCfg = Debug|Any CPU
		{86902868-4150-4D13-A398-FCBF47344B96}.Debug|Any CPU.Build.0 = Debug|Any CPU
		{86902868-4150-4D13-A398-FCBF47344B96}.Release|Any CPU.ActiveCfg = Release|Any CPU
		{86902868-4150-4D13-A398-FCBF47344B96}.Release|Any CPU.Build.0 = Release|Any CPU
		{51240732-3C23-4D6F-BC77-F6B81ECCA559}.Debug|Any CPU.ActiveCfg = Debug|Any CPU
		{51240732-3C23-4D6F-BC77-F6B81ECCA559}.Debug|Any CPU.Build.0 = Debug|Any CPU
		{51240732-3C23-4D6F-BC77-F6B81ECCA559}.Release|Any CPU.ActiveCfg = Release|Any CPU
		{51240732-3C23-4D6F-BC77-F6B81ECCA559}.Release|Any CPU.Build.0 = Release|Any CPU
		{9BFBE23F-8FBB-40B4-B554-A6D88121ABAB}.Debug|Any CPU.ActiveCfg = Debug|Any CPU
		{9BFBE23F-8FBB-40B4-B554-A6D88121ABAB}.Debug|Any CPU.Build.0 = Debug|Any CPU
		{9BFBE23F-8FBB-40B4-B554-A6D88121ABAB}.Release|Any CPU.ActiveCfg = Release|Any CPU
		{9BFBE23F-8FBB-40B4-B554-A6D88121ABAB}.Release|Any CPU.Build.0 = Release|Any CPU
		{B83FAC69-ED45-4B66-8EAC-9988C108ADCE}.Debug|Any CPU.ActiveCfg = Debug|Any CPU
		{B83FAC69-ED45-4B66-8EAC-9988C108ADCE}.Debug|Any CPU.Build.0 = Debug|Any CPU
		{B83FAC69-ED45-4B66-8EAC-9988C108ADCE}.Release|Any CPU.ActiveCfg = Release|Any CPU
		{B83FAC69-ED45-4B66-8EAC-9988C108ADCE}.Release|Any CPU.Build.0 = Release|Any CPU
		{14DEF4FD-018A-464A-8F91-108195FDFF97}.Debug|Any CPU.ActiveCfg = Debug|Any CPU
		{14DEF4FD-018A-464A-8F91-108195FDFF97}.Debug|Any CPU.Build.0 = Debug|Any CPU
		{14DEF4FD-018A-464A-8F91-108195FDFF97}.Release|Any CPU.ActiveCfg = Release|Any CPU
		{14DEF4FD-018A-464A-8F91-108195FDFF97}.Release|Any CPU.Build.0 = Release|Any CPU
		{75312593-754A-40FE-8CE3-2708FE09FA24}.Debug|Any CPU.ActiveCfg = Debug|Any CPU
		{75312593-754A-40FE-8CE3-2708FE09FA24}.Debug|Any CPU.Build.0 = Debug|Any CPU
		{75312593-754A-40FE-8CE3-2708FE09FA24}.Release|Any CPU.ActiveCfg = Release|Any CPU
		{75312593-754A-40FE-8CE3-2708FE09FA24}.Release|Any CPU.Build.0 = Release|Any CPU
		{D3F9E91B-BE00-4C33-8866-D526D982621B}.Debug|Any CPU.ActiveCfg = Debug|Any CPU
		{D3F9E91B-BE00-4C33-8866-D526D982621B}.Debug|Any CPU.Build.0 = Debug|Any CPU
		{D3F9E91B-BE00-4C33-8866-D526D982621B}.Release|Any CPU.ActiveCfg = Release|Any CPU
		{D3F9E91B-BE00-4C33-8866-D526D982621B}.Release|Any CPU.Build.0 = Release|Any CPU
		{046FB6A6-BB5C-4316-AC63-71E5D23141DE}.Debug|Any CPU.ActiveCfg = Debug|Any CPU
		{046FB6A6-BB5C-4316-AC63-71E5D23141DE}.Debug|Any CPU.Build.0 = Debug|Any CPU
		{046FB6A6-BB5C-4316-AC63-71E5D23141DE}.Release|Any CPU.ActiveCfg = Release|Any CPU
		{046FB6A6-BB5C-4316-AC63-71E5D23141DE}.Release|Any CPU.Build.0 = Release|Any CPU
		{429D87C3-BCE8-4820-B935-F10AE42E69EF}.Debug|Any CPU.ActiveCfg = Debug|Any CPU
		{429D87C3-BCE8-4820-B935-F10AE42E69EF}.Debug|Any CPU.Build.0 = Debug|Any CPU
		{429D87C3-BCE8-4820-B935-F10AE42E69EF}.Release|Any CPU.ActiveCfg = Release|Any CPU
		{429D87C3-BCE8-4820-B935-F10AE42E69EF}.Release|Any CPU.Build.0 = Release|Any CPU
		{FF5DD956-5038-43B2-B061-E074B6313853}.Debug|Any CPU.ActiveCfg = Debug|Any CPU
		{FF5DD956-5038-43B2-B061-E074B6313853}.Debug|Any CPU.Build.0 = Debug|Any CPU
		{FF5DD956-5038-43B2-B061-E074B6313853}.Release|Any CPU.ActiveCfg = Release|Any CPU
		{FF5DD956-5038-43B2-B061-E074B6313853}.Release|Any CPU.Build.0 = Release|Any CPU
		{96BD14AA-11F5-464F-A69E-FC8F65198798}.Debug|Any CPU.ActiveCfg = Debug|Any CPU
		{96BD14AA-11F5-464F-A69E-FC8F65198798}.Debug|Any CPU.Build.0 = Debug|Any CPU
		{96BD14AA-11F5-464F-A69E-FC8F65198798}.Release|Any CPU.ActiveCfg = Release|Any CPU
		{96BD14AA-11F5-464F-A69E-FC8F65198798}.Release|Any CPU.Build.0 = Release|Any CPU
		{F46FCF4E-335F-4B1D-8B5E-9356CD8F8CDE}.Debug|Any CPU.ActiveCfg = Debug|Any CPU
		{F46FCF4E-335F-4B1D-8B5E-9356CD8F8CDE}.Debug|Any CPU.Build.0 = Debug|Any CPU
		{F46FCF4E-335F-4B1D-8B5E-9356CD8F8CDE}.Release|Any CPU.ActiveCfg = Release|Any CPU
		{F46FCF4E-335F-4B1D-8B5E-9356CD8F8CDE}.Release|Any CPU.Build.0 = Release|Any CPU
		{975396B7-2D15-4EC9-A49D-CA94E4A8B3C0}.Debug|Any CPU.ActiveCfg = Debug|Any CPU
		{975396B7-2D15-4EC9-A49D-CA94E4A8B3C0}.Debug|Any CPU.Build.0 = Debug|Any CPU
		{975396B7-2D15-4EC9-A49D-CA94E4A8B3C0}.Release|Any CPU.ActiveCfg = Release|Any CPU
		{975396B7-2D15-4EC9-A49D-CA94E4A8B3C0}.Release|Any CPU.Build.0 = Release|Any CPU
	EndGlobalSection
	GlobalSection(SolutionProperties) = preSolution
		HideSolutionNode = FALSE
	EndGlobalSection
	GlobalSection(NestedProjects) = preSolution
		{C0A47210-590E-4280-81DE-3A3DBEAC032C} = {A1F1F235-4442-4F52-BE3F-CDE93211A15C}
		{4D23B0C4-ABF8-4E25-BD6E-DFC30BBCE2B2} = {A1F1F235-4442-4F52-BE3F-CDE93211A15C}
		{DF5551DB-719A-4392-959A-8384F1447E26} = {A1F1F235-4442-4F52-BE3F-CDE93211A15C}
		{6B81981A-CB5B-44CE-BF49-3912F9CF89EA} = {A1F1F235-4442-4F52-BE3F-CDE93211A15C}
		{8EC1C39E-9D12-41D7-8876-A85AB518956D} = {A1F1F235-4442-4F52-BE3F-CDE93211A15C}
		{76E0C1B8-6B9D-4572-B707-0005983412C9} = {A1F1F235-4442-4F52-BE3F-CDE93211A15C}
		{86902868-4150-4D13-A398-FCBF47344B96} = {45100A1C-EEF2-4F7D-8275-00FADB311317}
		{51240732-3C23-4D6F-BC77-F6B81ECCA559} = {A1F1F235-4442-4F52-BE3F-CDE93211A15C}
		{9BFBE23F-8FBB-40B4-B554-A6D88121ABAB} = {A1F1F235-4442-4F52-BE3F-CDE93211A15C}
		{B83FAC69-ED45-4B66-8EAC-9988C108ADCE} = {45100A1C-EEF2-4F7D-8275-00FADB311317}
		{14DEF4FD-018A-464A-8F91-108195FDFF97} = {A1F1F235-4442-4F52-BE3F-CDE93211A15C}
		{75312593-754A-40FE-8CE3-2708FE09FA24} = {A1F1F235-4442-4F52-BE3F-CDE93211A15C}
		{D3F9E91B-BE00-4C33-8866-D526D982621B} = {45100A1C-EEF2-4F7D-8275-00FADB311317}
		{046FB6A6-BB5C-4316-AC63-71E5D23141DE} = {A1F1F235-4442-4F52-BE3F-CDE93211A15C}
		{429D87C3-BCE8-4820-B935-F10AE42E69EF} = {E6FF0AAE-2A5B-4ABA-9553-AEB622A0CC18}
		{FF5DD956-5038-43B2-B061-E074B6313853} = {A1F1F235-4442-4F52-BE3F-CDE93211A15C}
		{96BD14AA-11F5-464F-A69E-FC8F65198798} = {E6FF0AAE-2A5B-4ABA-9553-AEB622A0CC18}
		{F46FCF4E-335F-4B1D-8B5E-9356CD8F8CDE} = {A1F1F235-4442-4F52-BE3F-CDE93211A15C}
		{975396B7-2D15-4EC9-A49D-CA94E4A8B3C0} = {E6FF0AAE-2A5B-4ABA-9553-AEB622A0CC18}
	EndGlobalSection
	GlobalSection(ExtensibilityGlobals) = postSolution
		SolutionGuid = {91B19DE7-0676-4D29-BEAA-DFB7C8C405AF}
	EndGlobalSection
EndGlobal
